<?xml version="1.0" encoding="utf-8"?>
<Project ToolsVersion="4.0" xmlns="http://schemas.microsoft.com/developer/msbuild/2003">
  <ItemGroup>
    <Filter Include="Source Files">
      <UniqueIdentifier>{4FC737F1-C7A5-4376-A066-2A32D752A2FF}</UniqueIdentifier>
      <Extensions>cpp;c;cc;cxx;c++;cppm;ixx;def;odl;idl;hpj;bat;asm;asmx</Extensions>
    </Filter>
    <Filter Include="Header Files">
      <UniqueIdentifier>{93995380-89BD-4b04-88EB-625FBE52EBFB}</UniqueIdentifier>
      <Extensions>h;hh;hpp;hxx;h++;hm;inl;inc;ipp;xsd</Extensions>
    </Filter>
    <Filter Include="Resource Files">
      <UniqueIdentifier>{67DA6AB6-F800-4c08-8B7A-83BB121AAD01}</UniqueIdentifier>
      <Extensions>rc;ico;cur;bmp;dlg;rc2;rct;bin;rgs;gif;jpg;jpeg;jpe;resx;tiff;tif;png;wav;mfcribbon-ms</Extensions>
    </Filter>
    <Filter Include="Source Files\ImGUI">
      <UniqueIdentifier>{542f48c3-a0b1-4005-8086-b2a34c34b659}</UniqueIdentifier>
    </Filter>
    <Filter Include="Resource Files\Shaders">
      <UniqueIdentifier>{dd7c748d-1fd1-4c58-88aa-bc19dc14fe9f}</UniqueIdentifier>
    </Filter>
  </ItemGroup>
  <ItemGroup>
    <ClInclude Include="..\Src\h\glad.h">
      <Filter>Header Files</Filter>
    </ClInclude>
    <ClInclude Include="..\Src\h\Window.h">
      <Filter>Header Files</Filter>
    </ClInclude>
    <ClInclude Include="..\Src\h\ImageLoader.h">
      <Filter>Header Files</Filter>
    </ClInclude>
    <ClInclude Include="..\Src\h\Texture.h">
      <Filter>Header Files</Filter>
    </ClInclude>
    <ClInclude Include="..\Src\h\Shader.h">
      <Filter>Header Files</Filter>
    </ClInclude>
    <ClInclude Include="..\Src\h\Logic.h">
      <Filter>Header Files</Filter>
    </ClInclude>
    <ClInclude Include="..\Src\h\Model.h">
      <Filter>Header Files</Filter>
    </ClInclude>
    <ClInclude Include="..\Src\h\GLError.h">
      <Filter>Header Files</Filter>
    </ClInclude>
    <ClInclude Include="..\Src\h\SSBO.h">
      <Filter>Header Files</Filter>
    </ClInclude>
  </ItemGroup>
  <ItemGroup>
    <ClCompile Include="..\Src\cpp\glad.c">
      <Filter>Source Files</Filter>
    </ClCompile>
    <ClCompile Include="..\Src\cpp\Window.cpp">
      <Filter>Source Files</Filter>
    </ClCompile>
    <ClCompile Include="..\Src\cpp\main.cpp">
      <Filter>Source Files</Filter>
    </ClCompile>
    <ClCompile Include="..\Src\cpp\ImGUI\imgui.cpp">
      <Filter>Source Files\ImGUI</Filter>
    </ClCompile>
    <ClCompile Include="..\Src\cpp\ImGUI\imgui_demo.cpp">
      <Filter>Source Files\ImGUI</Filter>
    </ClCompile>
    <ClCompile Include="..\Src\cpp\ImGUI\imgui_draw.cpp">
      <Filter>Source Files\ImGUI</Filter>
    </ClCompile>
    <ClCompile Include="..\Src\cpp\ImGUI\imgui_impl_glfw.cpp">
      <Filter>Source Files\ImGUI</Filter>
    </ClCompile>
    <ClCompile Include="..\Src\cpp\ImGUI\imgui_impl_opengl3.cpp">
      <Filter>Source Files\ImGUI</Filter>
    </ClCompile>
    <ClCompile Include="..\Src\cpp\ImGUI\imgui_widgets.cpp">
      <Filter>Source Files\ImGUI</Filter>
    </ClCompile>
    <ClCompile Include="..\Src\cpp\ImageLoader.cpp">
      <Filter>Source Files</Filter>
    </ClCompile>
    <ClCompile Include="..\Src\cpp\Texture.cpp">
      <Filter>Source Files</Filter>
    </ClCompile>
    <ClCompile Include="..\Src\cpp\Shader.cpp">
      <Filter>Source Files</Filter>
    </ClCompile>
    <ClCompile Include="..\Src\cpp\Logic.cpp">
      <Filter>Source Files</Filter>
    </ClCompile>
    <ClCompile Include="..\Src\cpp\Model.cpp">
      <Filter>Source Files</Filter>
    </ClCompile>
    <ClCompile Include="..\Src\cpp\SSBO.cpp">
      <Filter>Source Files</Filter>
    </ClCompile>
  </ItemGroup>
  <ItemGroup>
    <None Include="..\Src\shaders\FS_DrawImageFrame.glsl">
      <Filter>Resource Files\Shaders</Filter>
    </None>
    <None Include="..\Src\shaders\VS_DrawImageFrame.glsl">
      <Filter>Resource Files\Shaders</Filter>
    </None>
    <None Include="..\Src\shaders\CS_Rasterize.glsl">
      <Filter>Resource Files\Shaders</Filter>
    </None>
    <None Include="..\Src\shaders\CS_KMeansAssignment.glsl">
      <Filter>Resource Files\Shaders</Filter>
    </None>
    <None Include="..\Src\shaders\CS_KMeansUpdating.glsl">
      <Filter>Resource Files\Shaders</Filter>
    </None>
    <None Include="..\Src\shaders\CS_KMeansAtomicAdd.glsl">
      <Filter>Resource Files\Shaders</Filter>
    </None>
  </ItemGroup>
</Project>